{
  "nodes": {
    "home-manager": {
      "inputs": {
        "nixpkgs": [
          "nixpkgs"
        ]
      },
      "locked": {
        "lastModified": 1769392842,
        "narHash": "sha256-qw7d9b51TV1sTk14dcQZ+17AzO5Ut8rfkdvcYO5UjVQ=",
        "owner": "nix-community",
        "repo": "home-manager",
        "rev": "e3dc31303276525b867328f75111a23f0aa3674a",
        "type": "github"
      },
      "original": {
        "owner": "nix-community",
        "repo": "home-manager",
        "type": "github"
      }
    },
    "nixpkgs": {
      "locked": {
        "lastModified": 1769170682,
        "narHash": "sha256-oMmN1lVQU0F0W2k6OI3bgdzp2YOHWYUAw79qzDSjenU=",
        "owner": "NixOS",
        "repo": "nixpkgs",
        "rev": "c5296fdd05cfa2c187990dd909864da9658df755",
        "type": "github"
      },
      "original": {
        "owner": "NixOS",
        "ref": "nixos-unstable",
        "repo": "nixpkgs",
        "type": "github"
      }
    },
    "nixpkgs_2": {
      "locked": {
        "lastModified": 1768393167,
        "narHash": "sha256-n2063BRjHde6DqAz2zavhOOiLUwA3qXt7jQYHyETjX8=",
        "owner": "NixOS",
        "repo": "nixpkgs",
        "rev": "2f594d5af95d4fdac67fba60376ec11e482041cb",
        "type": "github"
      },
      "original": {
        "owner": "NixOS",
        "ref": "nixpkgs-unstable",
        "repo": "nixpkgs",
        "type": "github"
      }
    },
    "opencode": {
      "inputs": {
        "nixpkgs": "nixpkgs_2"
      },
      "locked": {
        "lastModified": 1769394416,
        "narHash": "sha256-N9yH3F0p6Qms6WxnkrkR99aKovFhW/5KV+Xx63YzVK0=",
        "owner": "anomalyco",
        "repo": "opencode",
        "rev": "cc0085676b193ea77fd18bff08fcb4987a32af79",
        "type": "github"
      },
      "original": {
        "owner": "anomalyco",
        "ref": "dev",
        "repo": "opencode",
        "type": "github"
      }
    },
    "plasma-manager": {
      "inputs": {
        "home-manager": [
          "home-manager"
        ],
        "nixpkgs": [
          "nixpkgs"
        ]
      },
      "locked": {
        "lastModified": 1767662275,
        "narHash": "sha256-d5Q1GmQ+sW1Bt8cgDE0vOihzLaswsm8cSdg8124EqXE=",
        "owner": "nix-community",
        "repo": "plasma-manager",
        "rev": "51816be33a1ff0d4b22427de83222d5bfa96d30e",
        "type": "github"
      },
      "original": {
        "owner": "nix-community",
        "repo": "plasma-manager",
        "type": "github"
      }
    },
    "root": {
      "inputs": {
        "home-manager": "home-manager",
        "nixpkgs": "nixpkgs",
        "opencode": "opencode",
        "plasma-manager": "plasma-manager",
        "vscode-insiders": "vscode-insiders"
      }
    },
    "vscode-insiders": {
      "inputs": {
        "nixpkgs": [
          "nixpkgs"
        ]
      },
      "locked": {
        "lastModified": 1769242314,
        "narHash": "sha256-0dr+koa1HoRqHhyk5KG3a2HjhoJOa1fNHMU+q1fSBNg=",
        "owner": "auguwu",
        "repo": "vscode-insiders-nix",
        "rev": "862ba53841775f9bab74c4a594d753d778288e03",
        "type": "github"
      },
      "original": {
        "owner": "auguwu",
        "repo": "vscode-insiders-nix",
        "type": "github"
      }
    }
  },
  "root": "root",
  "version": 7
}
